
Microsoft Visual Studio Solution File, Format Version 12.00
# Visual Studio Version 17
VisualStudioVersion = 17.11.35208.52
MinimumVisualStudioVersion = 10.0.40219.1
Project("{9A19103F-16F7-4668-BE54-9A1E7A4F7556}") = "Mde.Project.Mobile", "Mde.Project.Mobile\Mde.Project.Mobile.csproj", "{354D7013-A8D4-4E60-B232-EDC332FD8069}"
EndProject
Project("{FAE04EC0-301F-11D3-BF4B-00C04F79EFBC}") = "Mde.Project.Core", "Mde.Project.Core\Mde.Project.Core.csproj", "{0278C819-D35F-4368-BB37-FC4F64DE2F04}"
EndProject
Project("{FAE04EC0-301F-11D3-BF4B-00C04F79EFBC}") = "Mde.Project.Tests", "Mde.Project.Tests\Mde.Project.Tests.csproj", "{66AF4DE4-E005-4311-BBA0-6481F49B912D}"
EndProject
Global
	GlobalSection(SolutionConfigurationPlatforms) = preSolution
		Debug|Any CPU = Debug|Any CPU
		Release|Any CPU = Release|Any CPU
	EndGlobalSection
	GlobalSection(ProjectConfigurationPlatforms) = postSolution
		{354D7013-A8D4-4E60-B232-EDC332FD8069}.Debug|Any CPU.ActiveCfg = Debug|Any CPU
		{354D7013-A8D4-4E60-B232-EDC332FD8069}.Debug|Any CPU.Build.0 = Debug|Any CPU
		{354D7013-A8D4-4E60-B232-EDC332FD8069}.Debug|Any CPU.Deploy.0 = Debug|Any CPU
		{354D7013-A8D4-4E60-B232-EDC332FD8069}.Release|Any CPU.ActiveCfg = Release|Any CPU
		{354D7013-A8D4-4E60-B232-EDC332FD8069}.Release|Any CPU.Build.0 = Release|Any CPU
		{354D7013-A8D4-4E60-B232-EDC332FD8069}.Release|Any CPU.Deploy.0 = Release|Any CPU
		{0278C819-D35F-4368-BB37-FC4F64DE2F04}.Debug|Any CPU.ActiveCfg = Debug|Any CPU
		{0278C819-D35F-4368-BB37-FC4F64DE2F04}.Debug|Any CPU.Build.0 = Debug|Any CPU
		{0278C819-D35F-4368-BB37-FC4F64DE2F04}.Release|Any CPU.ActiveCfg = Release|Any CPU
		{0278C819-D35F-4368-BB37-FC4F64DE2F04}.Release|Any CPU.Build.0 = Release|Any CPU
		{66AF4DE4-E005-4311-BBA0-6481F49B912D}.Debug|Any CPU.ActiveCfg = Debug|Any CPU
		{66AF4DE4-E005-4311-BBA0-6481F49B912D}.Debug|Any CPU.Build.0 = Debug|Any CPU
		{66AF4DE4-E005-4311-BBA0-6481F49B912D}.Release|Any CPU.ActiveCfg = Release|Any CPU
		{66AF4DE4-E005-4311-BBA0-6481F49B912D}.Release|Any CPU.Build.0 = Release|Any CPU
	EndGlobalSection
	GlobalSection(SolutionProperties) = preSolution
		HideSolutionNode = FALSE
	EndGlobalSection
	GlobalSection(ExtensibilityGlobals) = postSolution
		SolutionGuid = {9C7F7A16-7C54-442E-BB55-5FF6346B08D3}
	EndGlobalSection
EndGlobal
